
Microsoft Visual Studio Solution File, Format Version 12.00
# Visual Studio 2013
VisualStudioVersion = 12.0.21005.1
MinimumVisualStudioVersion = 10.0.40219.1
Project("{FAE04EC0-301F-11D3-BF4B-00C04F79EFBC}") = "ProductionManagement.Web", "ProductionManagement.Web\ProductionManagement.Web.csproj", "{2194156C-1C27-4122-96E1-F249DE4EFB7E}"
EndProject
Project("{FAE04EC0-301F-11D3-BF4B-00C04F79EFBC}") = "ProductionManagement.Infrastructure", "ProductionManagement.Infrastructure\ProductionManagement.Infrastructure.csproj", "{88BC059F-904B-4D1A-A68F-207F81C58240}"
EndProject
Global
	GlobalSection(SolutionConfigurationPlatforms) = preSolution
		Debug|Any CPU = Debug|Any CPU
		Release|Any CPU = Release|Any CPU
	EndGlobalSection
	GlobalSection(ProjectConfigurationPlatforms) = postSolution
		{2194156C-1C27-4122-96E1-F249DE4EFB7E}.Debug|Any CPU.ActiveCfg = Debug|Any CPU
		{2194156C-1C27-4122-96E1-F249DE4EFB7E}.Debug|Any CPU.Build.0 = Debug|Any CPU
		{2194156C-1C27-4122-96E1-F249DE4EFB7E}.Release|Any CPU.ActiveCfg = Release|Any CPU
		{2194156C-1C27-4122-96E1-F249DE4EFB7E}.Release|Any CPU.Build.0 = Release|Any CPU
		{88BC059F-904B-4D1A-A68F-207F81C58240}.Debug|Any CPU.ActiveCfg = Debug|Any CPU
		{88BC059F-904B-4D1A-A68F-207F81C58240}.Debug|Any CPU.Build.0 = Debug|Any CPU
		{88BC059F-904B-4D1A-A68F-207F81C58240}.Release|Any CPU.ActiveCfg = Release|Any CPU
		{88BC059F-904B-4D1A-A68F-207F81C58240}.Release|Any CPU.Build.0 = Release|Any CPU
	EndGlobalSection
	GlobalSection(SolutionProperties) = preSolution
		HideSolutionNode = FALSE
	EndGlobalSection
EndGlobal
